
Microsoft Visual Studio Solution File, Format Version 12.00
# Visual Studio 15
VisualStudioVersion = 15.0.26124.0
MinimumVisualStudioVersion = 15.0.26124.0
Project("{2150E333-8FDC-42A3-9474-1A3956D46DE8}") = "Api", "Api", "{28DAEB64-41A0-4A77-8784-DB30A06B9877}"
EndProject
Project("{FAE04EC0-301F-11D3-BF4B-00C04F79EFBC}") = "OSGB.Api", "Api\OSGB.Api\OSGB.Api.csproj", "{6556FDF0-8D87-4A32-A87B-EAE09A7683FE}"
EndProject
Project("{2150E333-8FDC-42A3-9474-1A3956D46DE8}") = "ApiTests", "ApiTests", "{39BC288F-C581-4AE4-A532-FD3FCCE76080}"
EndProject
Project("{FAE04EC0-301F-11D3-BF4B-00C04F79EFBC}") = "OSGB.Api.Tests", "ApiTests\OSGB.Api.Tests\OSGB.Api.Tests.csproj", "{D634AF74-4E77-465B-9CB5-CFFB5BE86790}"
EndProject
Global
	GlobalSection(SolutionConfigurationPlatforms) = preSolution
		Debug|Any CPU = Debug|Any CPU
		Debug|x64 = Debug|x64
		Debug|x86 = Debug|x86
		Release|Any CPU = Release|Any CPU
		Release|x64 = Release|x64
		Release|x86 = Release|x86
	EndGlobalSection
	GlobalSection(SolutionProperties) = preSolution
		HideSolutionNode = FALSE
	EndGlobalSection
	GlobalSection(ProjectConfigurationPlatforms) = postSolution
		{6556FDF0-8D87-4A32-A87B-EAE09A7683FE}.Debug|Any CPU.ActiveCfg = Debug|Any CPU
		{6556FDF0-8D87-4A32-A87B-EAE09A7683FE}.Debug|Any CPU.Build.0 = Debug|Any CPU
		{6556FDF0-8D87-4A32-A87B-EAE09A7683FE}.Debug|x64.ActiveCfg = Debug|x64
		{6556FDF0-8D87-4A32-A87B-EAE09A7683FE}.Debug|x64.Build.0 = Debug|x64
		{6556FDF0-8D87-4A32-A87B-EAE09A7683FE}.Debug|x86.ActiveCfg = Debug|x86
		{6556FDF0-8D87-4A32-A87B-EAE09A7683FE}.Debug|x86.Build.0 = Debug|x86
		{6556FDF0-8D87-4A32-A87B-EAE09A7683FE}.Release|Any CPU.ActiveCfg = Release|Any CPU
		{6556FDF0-8D87-4A32-A87B-EAE09A7683FE}.Release|Any CPU.Build.0 = Release|Any CPU
		{6556FDF0-8D87-4A32-A87B-EAE09A7683FE}.Release|x64.ActiveCfg = Release|x64
		{6556FDF0-8D87-4A32-A87B-EAE09A7683FE}.Release|x64.Build.0 = Release|x64
		{6556FDF0-8D87-4A32-A87B-EAE09A7683FE}.Release|x86.ActiveCfg = Release|x86
		{6556FDF0-8D87-4A32-A87B-EAE09A7683FE}.Release|x86.Build.0 = Release|x86
		{D634AF74-4E77-465B-9CB5-CFFB5BE86790}.Debug|Any CPU.ActiveCfg = Debug|Any CPU
		{D634AF74-4E77-465B-9CB5-CFFB5BE86790}.Debug|Any CPU.Build.0 = Debug|Any CPU
		{D634AF74-4E77-465B-9CB5-CFFB5BE86790}.Debug|x64.ActiveCfg = Debug|x64
		{D634AF74-4E77-465B-9CB5-CFFB5BE86790}.Debug|x64.Build.0 = Debug|x64
		{D634AF74-4E77-465B-9CB5-CFFB5BE86790}.Debug|x86.ActiveCfg = Debug|x86
		{D634AF74-4E77-465B-9CB5-CFFB5BE86790}.Debug|x86.Build.0 = Debug|x86
		{D634AF74-4E77-465B-9CB5-CFFB5BE86790}.Release|Any CPU.ActiveCfg = Release|Any CPU
		{D634AF74-4E77-465B-9CB5-CFFB5BE86790}.Release|Any CPU.Build.0 = Release|Any CPU
		{D634AF74-4E77-465B-9CB5-CFFB5BE86790}.Release|x64.ActiveCfg = Release|x64
		{D634AF74-4E77-465B-9CB5-CFFB5BE86790}.Release|x64.Build.0 = Release|x64
		{D634AF74-4E77-465B-9CB5-CFFB5BE86790}.Release|x86.ActiveCfg = Release|x86
		{D634AF74-4E77-465B-9CB5-CFFB5BE86790}.Release|x86.Build.0 = Release|x86
	EndGlobalSection
	GlobalSection(NestedProjects) = preSolution
		{6556FDF0-8D87-4A32-A87B-EAE09A7683FE} = {28DAEB64-41A0-4A77-8784-DB30A06B9877}
		{D634AF74-4E77-465B-9CB5-CFFB5BE86790} = {39BC288F-C581-4AE4-A532-FD3FCCE76080}
	EndGlobalSection
EndGlobal
